
Microsoft Visual Studio Solution File, Format Version 12.00
# Visual Studio Version 16
VisualStudioVersion = 16.0.33027.164
MinimumVisualStudioVersion = 10.0.40219.1
Project("{FAE04EC0-301F-11D3-BF4B-00C04F79EFBC}") = "WebScrapper", "WebScrapper\WebScrapper.csproj", "{2218750A-1C67-4E64-82ED-919FA8C0EA77}"
EndProject
Global
	GlobalSection(SolutionConfigurationPlatforms) = preSolution
		Debug|Any CPU = Debug|Any CPU
		Release|Any CPU = Release|Any CPU
	EndGlobalSection
	GlobalSection(ProjectConfigurationPlatforms) = postSolution
		{2218750A-1C67-4E64-82ED-919FA8C0EA77}.Debug|Any CPU.ActiveCfg = Debug|Any CPU
		{2218750A-1C67-4E64-82ED-919FA8C0EA77}.Debug|Any CPU.Build.0 = Debug|Any CPU
		{2218750A-1C67-4E64-82ED-919FA8C0EA77}.Release|Any CPU.ActiveCfg = Release|Any CPU
		{2218750A-1C67-4E64-82ED-919FA8C0EA77}.Release|Any CPU.Build.0 = Release|Any CPU
	EndGlobalSection
	GlobalSection(SolutionProperties) = preSolution
		HideSolutionNode = FALSE
	EndGlobalSection
	GlobalSection(ExtensibilityGlobals) = postSolution
		SolutionGuid = {C786880C-4BCF-470D-954D-974BA16420CD}
	EndGlobalSection
EndGlobal
